# THIS IS AN AUTOGENERATED FILE. DO NOT EDIT THIS FILE DIRECTLY.
# yarn lockfile v1


"@types/color-name@^1.1.1":
  version "1.1.1"
  resolved "https://registry.npmjs.org/@types/color-name/-/color-name-1.1.1.tgz"

JSONStream@^1.0.7:
  version "1.3.5"
  resolved "https://registry.npmjs.org/JSONStream/-/JSONStream-1.3.5.tgz"
  dependencies:
    jsonparse "^1.2.0"
    through ">=2.2.7 <3"

a-sync-waterfall@^1.0.0:
  version "1.0.1"
  resolved "https://registry.npmjs.org/a-sync-waterfall/-/a-sync-waterfall-1.0.1.tgz"

abbrev@^1.1.1:
  version "1.1.1"
  resolved "https://registry.npmjs.org/abbrev/-/abbrev-1.1.1.tgz"

accepts@~1.3.5:
  version "1.3.7"
  resolved "https://registry.npmjs.org/accepts/-/accepts-1.3.7.tgz"
  dependencies:
    mime-types "~2.1.24"
    negotiator "0.6.2"

align-text@^0.1.1, align-text@^0.1.3:
  version "0.1.4"
  resolved "https://registry.npmjs.org/align-text/-/align-text-0.1.4.tgz"
  dependencies:
    kind-of "^3.0.2"
    longest "^1.0.1"
    repeat-string "^1.5.2"

amdefine@>=0.0.4:
  version "1.0.1"
  resolved "https://registry.npmjs.org/amdefine/-/amdefine-1.0.1.tgz"

ansi-regex@^5.0.0:
  version "5.0.0"
  resolved "https://registry.npmjs.org/ansi-regex/-/ansi-regex-5.0.0.tgz"

ansi-styles@^4.1.0:
  version "4.2.1"
  resolved "https://registry.npmjs.org/ansi-styles/-/ansi-styles-4.2.1.tgz"
  dependencies:
    "@types/color-name" "^1.1.1"
    color-convert "^2.0.1"

anymatch@~3.1.1:
  version "3.1.1"
  resolved "https://registry.npmjs.org/anymatch/-/anymatch-3.1.1.tgz"
  dependencies:
    normalize-path "^3.0.0"
    picomatch "^2.0.4"

archy@^1.0.0:
  version "1.0.0"
  resolved "https://registry.npmjs.org/archy/-/archy-1.0.0.tgz"

argparse@^1.0.7:
  version "1.0.10"
  resolved "https://registry.npmjs.org/argparse/-/argparse-1.0.10.tgz"
  dependencies:
    sprintf-js "~1.0.2"

asap@^2.0.3:
  version "2.0.6"
  resolved "https://registry.npmjs.org/asap/-/asap-2.0.6.tgz"

async@~0.2.6:
  version "0.2.10"
  resolved "https://registry.npmjs.org/async/-/async-0.2.10.tgz"

atob@^2.1.2:
  version "2.1.2"
  resolved "https://registry.npmjs.org/atob/-/atob-2.1.2.tgz"

balanced-match@^1.0.0:
  version "1.0.0"
  resolved "https://registry.npmjs.org/balanced-match/-/balanced-match-1.0.0.tgz"

basic-auth@~2.0.1:
  version "2.0.1"
  resolved "https://registry.npmjs.org/basic-auth/-/basic-auth-2.0.1.tgz"
  dependencies:
    safe-buffer "5.1.2"

binary-extensions@^2.0.0:
  version "2.1.0"
  resolved "https://registry.npmjs.org/binary-extensions/-/binary-extensions-2.1.0.tgz"

bluebird@3.5.4:
  version "3.5.4"
  resolved "https://registry.npmjs.org/bluebird/-/bluebird-3.5.4.tgz"

bluebird@^3.2.2, bluebird@^3.4.0, bluebird@^3.5.0, bluebird@^3.5.1, bluebird@^3.5.2, bluebird@^3.5.5:
  version "3.7.2"
  resolved "https://registry.npmjs.org/bluebird/-/bluebird-3.7.2.tgz"

boolbase@~1.0.0:
  version "1.0.0"
  resolved "https://registry.npmjs.org/boolbase/-/boolbase-1.0.0.tgz"

brace-expansion@^1.1.7:
  version "1.1.11"
  resolved "https://registry.npmjs.org/brace-expansion/-/brace-expansion-1.1.11.tgz"
  dependencies:
    balanced-match "^1.0.0"
    concat-map "0.0.1"

braces@^3.0.1, braces@~3.0.2:
  version "3.0.2"
  resolved "https://registry.npmjs.org/braces/-/braces-3.0.2.tgz"
  dependencies:
    fill-range "^7.0.1"

bytes@3.0.0:
  version "3.0.0"
  resolved "https://registry.npmjs.org/bytes/-/bytes-3.0.0.tgz"

camel-case@^3.0.0:
  version "3.0.0"
  resolved "https://registry.npmjs.org/camel-case/-/camel-case-3.0.0.tgz"
  dependencies:
    no-case "^2.2.0"
    upper-case "^1.1.1"

camel-case@^4.0.0:
  version "4.1.1"
  resolved "https://registry.npmjs.org/camel-case/-/camel-case-4.1.1.tgz"
  dependencies:
    pascal-case "^3.1.1"
    tslib "^1.10.0"

camelcase@^1.0.2:
  version "1.2.1"
  resolved "https://registry.npmjs.org/camelcase/-/camelcase-1.2.1.tgz"

center-align@^0.1.1:
  version "0.1.3"
  resolved "https://registry.npmjs.org/center-align/-/center-align-0.1.3.tgz"
  dependencies:
    align-text "^0.1.3"
    lazy-cache "^1.0.3"

chalk@^3.0.0:
  version "3.0.0"
  resolved "https://registry.npmjs.org/chalk/-/chalk-3.0.0.tgz"
  dependencies:
    ansi-styles "^4.1.0"
    supports-color "^7.1.0"

chalk@^4.0.0:
  version "4.1.0"
  resolved "https://registry.npmjs.org/chalk/-/chalk-4.1.0.tgz"
  dependencies:
    ansi-styles "^4.1.0"
    supports-color "^7.1.0"

cheerio@^0.19.0:
  version "0.19.0"
  resolved "https://registry.npmjs.org/cheerio/-/cheerio-0.19.0.tgz"
  dependencies:
    css-select "~1.0.0"
    dom-serializer "~0.1.0"
    entities "~1.1.1"
    htmlparser2 "~3.8.1"
    lodash "^3.2.0"

cheerio@^0.22.0:
  version "0.22.0"
  resolved "https://registry.npmjs.org/cheerio/-/cheerio-0.22.0.tgz"
  dependencies:
    css-select "~1.2.0"
    dom-serializer "~0.1.0"
    entities "~1.1.1"
    htmlparser2 "^3.9.1"
    lodash.assignin "^4.0.9"
    lodash.bind "^4.1.4"
    lodash.defaults "^4.0.1"
    lodash.filter "^4.4.0"
    lodash.flatten "^4.2.0"
    lodash.foreach "^4.3.0"
    lodash.map "^4.4.0"
    lodash.merge "^4.4.0"
    lodash.pick "^4.2.1"
    lodash.reduce "^4.4.0"
    lodash.reject "^4.4.0"
    lodash.some "^4.4.0"

chokidar@^3.0.0, chokidar@^3.3.0:
  version "3.4.2"
  resolved "https://registry.npmjs.org/chokidar/-/chokidar-3.4.2.tgz"
  dependencies:
    anymatch "~3.1.1"
    braces "~3.0.2"
    glob-parent "~5.1.0"
    is-binary-path "~2.1.0"
    is-glob "~4.0.1"
    normalize-path "~3.0.0"
    readdirp "~3.4.0"
  optionalDependencies:
    fsevents "~2.1.2"

cliui@^2.1.0:
  version "2.1.0"
  resolved "https://registry.npmjs.org/cliui/-/cliui-2.1.0.tgz"
  dependencies:
    center-align "^0.1.1"
    right-align "^0.1.1"
    wordwrap "0.0.2"

color-convert@^2.0.1:
  version "2.0.1"
  resolved "https://registry.npmjs.org/color-convert/-/color-convert-2.0.1.tgz"
  dependencies:
    color-name "~1.1.4"

color-name@~1.1.4:
  version "1.1.4"
  resolved "https://registry.npmjs.org/color-name/-/color-name-1.1.4.tgz"

command-exists@^1.2.8:
  version "1.2.9"
  resolved "https://registry.npmjs.org/command-exists/-/command-exists-1.2.9.tgz"

commander@^2.19.0:
  version "2.20.3"
  resolved "https://registry.npmjs.org/commander/-/commander-2.20.3.tgz"

commander@^5.1.0:
  version "5.1.0"
  resolved "https://registry.npmjs.org/commander/-/commander-5.1.0.tgz"

compressible@~2.0.16:
  version "2.0.18"
  resolved "https://registry.npmjs.org/compressible/-/compressible-2.0.18.tgz"
  dependencies:
    mime-db ">= 1.43.0 < 2"

compression@^1.7.4:
  version "1.7.4"
  resolved "https://registry.npmjs.org/compression/-/compression-1.7.4.tgz"
  dependencies:
    accepts "~1.3.5"
    bytes "3.0.0"
    compressible "~2.0.16"
    debug "2.6.9"
    on-headers "~1.0.2"
    safe-buffer "5.1.2"
    vary "~1.1.2"

concat-map@0.0.1:
  version "0.0.1"
  resolved "https://registry.npmjs.org/concat-map/-/concat-map-0.0.1.tgz"

connect@^3.7.0:
  version "3.7.0"
  resolved "https://registry.npmjs.org/connect/-/connect-3.7.0.tgz"
  dependencies:
    debug "2.6.9"
    finalhandler "1.1.2"
    parseurl "~1.3.3"
    utils-merge "1.0.1"

core-util-is@~1.0.0:
  version "1.0.2"
  resolved "https://registry.npmjs.org/core-util-is/-/core-util-is-1.0.2.tgz"

cross-spawn@^4.0.0:
  version "4.0.2"
  resolved "https://registry.npmjs.org/cross-spawn/-/cross-spawn-4.0.2.tgz"
  dependencies:
    lru-cache "^4.0.1"
    which "^1.2.9"

cross-spawn@^7.0.0:
  version "7.0.3"
  resolved "https://registry.npmjs.org/cross-spawn/-/cross-spawn-7.0.3.tgz"
  dependencies:
    path-key "^3.1.0"
    shebang-command "^2.0.0"
    which "^2.0.1"

css-parse@1.7.x:
  version "1.7.0"
  resolved "https://registry.npmjs.org/css-parse/-/css-parse-1.7.0.tgz"

css-parse@~2.0.0:
  version "2.0.0"
  resolved "https://registry.npmjs.org/css-parse/-/css-parse-2.0.0.tgz"
  dependencies:
    css "^2.0.0"

css-select@~1.0.0:
  version "1.0.0"
  resolved "https://registry.npmjs.org/css-select/-/css-select-1.0.0.tgz"
  dependencies:
    boolbase "~1.0.0"
    css-what "1.0"
    domutils "1.4"
    nth-check "~1.0.0"

css-select@~1.2.0:
  version "1.2.0"
  resolved "https://registry.npmjs.org/css-select/-/css-select-1.2.0.tgz"
  dependencies:
    boolbase "~1.0.0"
    css-what "2.1"
    domutils "1.5.1"
    nth-check "~1.0.1"

css-what@1.0:
  version "1.0.0"
  resolved "https://registry.npmjs.org/css-what/-/css-what-1.0.0.tgz"

css-what@2.1:
  version "2.1.3"
  resolved "https://registry.npmjs.org/css-what/-/css-what-2.1.3.tgz"

css@^2.0.0:
  version "2.2.4"
  resolved "https://registry.npmjs.org/css/-/css-2.2.4.tgz"
  dependencies:
    inherits "^2.0.3"
    source-map "^0.6.1"
    source-map-resolve "^0.5.2"
    urix "^0.1.0"

cuid@^2.1.4:
  version "2.1.8"
  resolved "https://registry.npmjs.org/cuid/-/cuid-2.1.8.tgz"

debug@*:
  version "4.1.1"
  resolved "https://registry.npmjs.org/debug/-/debug-4.1.1.tgz"
  dependencies:
    ms "^2.1.1"

debug@2.6.9:
  version "2.6.9"
  resolved "https://registry.npmjs.org/debug/-/debug-2.6.9.tgz"
  dependencies:
    ms "2.0.0"

debug@~3.1.0:
  version "3.1.0"
  resolved "https://registry.npmjs.org/debug/-/debug-3.1.0.tgz"
  dependencies:
    ms "2.0.0"

decamelize@^1.0.0:
  version "1.2.0"
  resolved "https://registry.npmjs.org/decamelize/-/decamelize-1.2.0.tgz"

decode-uri-component@^0.2.0:
  version "0.2.0"
  resolved "https://registry.npmjs.org/decode-uri-component/-/decode-uri-component-0.2.0.tgz"

deepmerge@^4.2.2:
  version "4.2.2"
  resolved "https://registry.npmjs.org/deepmerge/-/deepmerge-4.2.2.tgz"

depd@~1.1.2:
  version "1.1.2"
  resolved "https://registry.npmjs.org/depd/-/depd-1.1.2.tgz"

depd@~2.0.0:
  version "2.0.0"
  resolved "https://registry.npmjs.org/depd/-/depd-2.0.0.tgz"

destroy@~1.0.4:
  version "1.0.4"
  resolved "https://registry.npmjs.org/destroy/-/destroy-1.0.4.tgz"

dom-serializer@0, dom-serializer@~0.1.0:
  version "0.1.1"
  resolved "https://registry.npmjs.org/dom-serializer/-/dom-serializer-0.1.1.tgz"
  dependencies:
    domelementtype "^1.3.0"
    entities "^1.1.1"

dom-serializer@^1.0.1:
  version "1.0.1"
  resolved "https://registry.npmjs.org/dom-serializer/-/dom-serializer-1.0.1.tgz"
  dependencies:
    domelementtype "^2.0.1"
    domhandler "^3.0.0"
    entities "^2.0.0"

domelementtype@1, domelementtype@^1.3.0, domelementtype@^1.3.1:
  version "1.3.1"
  resolved "https://registry.npmjs.org/domelementtype/-/domelementtype-1.3.1.tgz"

domelementtype@^2.0.1:
  version "2.0.1"
  resolved "https://registry.npmjs.org/domelementtype/-/domelementtype-2.0.1.tgz"

domhandler@2.3:
  version "2.3.0"
  resolved "https://registry.npmjs.org/domhandler/-/domhandler-2.3.0.tgz"
  dependencies:
    domelementtype "1"

domhandler@^2.3.0:
  version "2.4.2"
  resolved "https://registry.npmjs.org/domhandler/-/domhandler-2.4.2.tgz"
  dependencies:
    domelementtype "1"

domhandler@^3.0.0:
  version "3.0.0"
  resolved "https://registry.npmjs.org/domhandler/-/domhandler-3.0.0.tgz"
  dependencies:
    domelementtype "^2.0.1"

domutils@1.4:
  version "1.4.3"
  resolved "https://registry.npmjs.org/domutils/-/domutils-1.4.3.tgz"
  dependencies:
    domelementtype "1"

domutils@1.5, domutils@1.5.1, domutils@^1.5.1:
  version "1.5.1"
  resolved "https://registry.npmjs.org/domutils/-/domutils-1.5.1.tgz"
  dependencies:
    dom-serializer "0"
    domelementtype "1"

domutils@^2.0.0:
  version "2.2.0"
  resolved "https://registry.npmjs.org/domutils/-/domutils-2.2.0.tgz"
  dependencies:
    dom-serializer "^1.0.1"
    domelementtype "^2.0.1"
    domhandler "^3.0.0"

ee-first@1.1.1:
  version "1.1.1"
  resolved "https://registry.npmjs.org/ee-first/-/ee-first-1.1.1.tgz"

ejs@2.6.1:
  version "2.6.1"
  resolved "https://registry.npmjs.org/ejs/-/ejs-2.6.1.tgz"

ejs@^2.6.1:
  version "2.7.4"
  resolved "https://registry.npmjs.org/ejs/-/ejs-2.7.4.tgz"

encodeurl@~1.0.2:
  version "1.0.2"
  resolved "https://registry.npmjs.org/encodeurl/-/encodeurl-1.0.2.tgz"

entities@1.0:
  version "1.0.0"
  resolved "https://registry.npmjs.org/entities/-/entities-1.0.0.tgz"

entities@^1.1.1, entities@~1.1.1:
  version "1.1.2"
  resolved "https://registry.npmjs.org/entities/-/entities-1.1.2.tgz"

entities@^2.0.0:
  version "2.0.3"
  resolved "https://registry.npmjs.org/entities/-/entities-2.0.3.tgz"

escape-html@~1.0.3:
  version "1.0.3"
  resolved "https://registry.npmjs.org/escape-html/-/escape-html-1.0.3.tgz"

escape-string-regexp@^2.0.0:
  version "2.0.0"
  resolved "https://registry.npmjs.org/escape-string-regexp/-/escape-string-regexp-2.0.0.tgz"

esprima@^4.0.0:
  version "4.0.1"
  resolved "https://registry.npmjs.org/esprima/-/esprima-4.0.1.tgz"

etag@~1.8.1:
  version "1.8.1"
  resolved "https://registry.npmjs.org/etag/-/etag-1.8.1.tgz"

fill-range@^7.0.1:
  version "7.0.1"
  resolved "https://registry.npmjs.org/fill-range/-/fill-range-7.0.1.tgz"
  dependencies:
    to-regex-range "^5.0.1"

finalhandler@1.1.2:
  version "1.1.2"
  resolved "https://registry.npmjs.org/finalhandler/-/finalhandler-1.1.2.tgz"
  dependencies:
    debug "2.6.9"
    encodeurl "~1.0.2"
    escape-html "~1.0.3"
    on-finished "~2.3.0"
    parseurl "~1.3.3"
    statuses "~1.5.0"
    unpipe "~1.0.0"

fresh@0.5.2:
  version "0.5.2"
  resolved "https://registry.npmjs.org/fresh/-/fresh-0.5.2.tgz"

fs.realpath@^1.0.0:
  version "1.0.0"
  resolved "https://registry.npmjs.org/fs.realpath/-/fs.realpath-1.0.0.tgz"

fsevents@~2.1.2:
  version "2.1.3"
  resolved "https://registry.yarnpkg.com/fsevents/-/fsevents-2.1.3.tgz#fb738703ae8d2f9fe900c33836ddebee8b97f23e"

get-stdin@^4.0.1:
  version "4.0.1"
  resolved "https://registry.npmjs.org/get-stdin/-/get-stdin-4.0.1.tgz"

glob-parent@~5.1.0:
  version "5.1.1"
  resolved "https://registry.npmjs.org/glob-parent/-/glob-parent-5.1.1.tgz"
  dependencies:
    is-glob "^4.0.1"

glob@7.0.x:
  version "7.0.6"
  resolved "https://registry.npmjs.org/glob/-/glob-7.0.6.tgz"
  dependencies:
    fs.realpath "^1.0.0"
    inflight "^1.0.4"
    inherits "2"
    minimatch "^3.0.2"
    once "^1.3.0"
    path-is-absolute "^1.0.0"

glob@^7.1.6:
  version "7.1.6"
  resolved "https://registry.npmjs.org/glob/-/glob-7.1.6.tgz"
  dependencies:
    fs.realpath "^1.0.0"
    inflight "^1.0.4"
    inherits "2"
    minimatch "^3.0.4"
    once "^1.3.0"
    path-is-absolute "^1.0.0"

graceful-fs@^4.1.11, graceful-fs@^4.1.3:
  version "4.2.4"
  resolved "https://registry.npmjs.org/graceful-fs/-/graceful-fs-4.2.4.tgz"

has-flag@^4.0.0:
  version "4.0.0"
  resolved "https://registry.npmjs.org/has-flag/-/has-flag-4.0.0.tgz"

hexo-asset-link@^2.1.0:
  version "2.1.0"
  resolved "https://registry.npmjs.org/hexo-asset-link/-/hexo-asset-link-2.1.0.tgz"

hexo-auto-canonical@^0.1.1:
  version "0.1.1"
  resolved "https://registry.npmjs.org/hexo-auto-canonical/-/hexo-auto-canonical-0.1.1.tgz"

hexo-autonofollow@^1.0.1:
  version "1.0.1"
  resolved "https://registry.npmjs.org/hexo-autonofollow/-/hexo-autonofollow-1.0.1.tgz"
  dependencies:
    cheerio "^0.19.0"

hexo-cli@^4.0.0:
  version "4.2.0"
  resolved "https://registry.npmjs.org/hexo-cli/-/hexo-cli-4.2.0.tgz"
  dependencies:
    abbrev "^1.1.1"
    bluebird "^3.5.5"
    chalk "^4.0.0"
    command-exists "^1.2.8"
    hexo-fs "^3.0.1"
    hexo-log "^2.0.0"
    hexo-util "^2.0.0"
    minimist "^1.2.5"
    resolve "^1.11.0"
    tildify "^2.0.0"

hexo-deployer-git@^2.1.0:
  version "2.1.0"
  resolved "https://registry.npmjs.org/hexo-deployer-git/-/hexo-deployer-git-2.1.0.tgz"
  dependencies:
    bluebird "^3.5.0"
    chalk "^3.0.0"
    hexo-fs "^2.0.0"
    hexo-util "^1.0.0"
    moment "^2.18.0"
    swig-templates "^2.0.2"

hexo-front-matter@^2.0.0:
  version "2.0.0"
  resolved "https://registry.npmjs.org/hexo-front-matter/-/hexo-front-matter-2.0.0.tgz"
  dependencies:
    js-yaml "^3.13.1"

hexo-fs@^2.0.0:
  version "2.0.1"
  resolved "https://registry.npmjs.org/hexo-fs/-/hexo-fs-2.0.1.tgz"
  dependencies:
    bluebird "^3.5.1"
    chokidar "^3.0.0"
    escape-string-regexp "^2.0.0"
    graceful-fs "^4.1.11"

hexo-fs@^3.0.1, hexo-fs@^3.1.0:
  version "3.1.0"
  resolved "https://registry.npmjs.org/hexo-fs/-/hexo-fs-3.1.0.tgz"
  dependencies:
    bluebird "^3.5.1"
    chokidar "^3.0.0"
    graceful-fs "^4.1.11"
    hexo-util "^2.0.0"

hexo-generator-archive@^1.0.0:
  version "1.0.0"
  resolved "https://registry.npmjs.org/hexo-generator-archive/-/hexo-generator-archive-1.0.0.tgz"
  dependencies:
    hexo-pagination "1.0.0"

hexo-generator-author@0.0.5:
  version "0.0.5"
  resolved "https://registry.npmjs.org/hexo-generator-author/-/hexo-generator-author-0.0.5.tgz"
  dependencies:
    hexo-pagination "0.0.2"

hexo-generator-category@^1.0.0:
  version "1.0.0"
  resolved "https://registry.npmjs.org/hexo-generator-category/-/hexo-generator-category-1.0.0.tgz"
  dependencies:
    hexo-pagination "1.0.0"

hexo-generator-feed@^3.0.0:
  version "3.0.0"
  resolved "https://registry.npmjs.org/hexo-generator-feed/-/hexo-generator-feed-3.0.0.tgz"
  dependencies:
    hexo-util "^2.1.0"
    nunjucks "^3.0.0"

hexo-generator-index@^2.0.0:
  version "2.0.0"
  resolved "https://registry.npmjs.org/hexo-generator-index/-/hexo-generator-index-2.0.0.tgz"
  dependencies:
    hexo-pagination "1.0.0"
    timsort "^0.3.0"

hexo-generator-robotstxt@^0.2.0:
  version "0.2.0"
  resolved "https://registry.npmjs.org/hexo-generator-robotstxt/-/hexo-generator-robotstxt-0.2.0.tgz"

hexo-generator-seo-friendly-sitemap@0.0.25:
  version "0.0.25"
  resolved "https://registry.npmjs.org/hexo-generator-seo-friendly-sitemap/-/hexo-generator-seo-friendly-sitemap-0.0.25.tgz"
  dependencies:
    bluebird "3.5.4"
    ejs "2.6.1"
    lodash "4.17.11"
    moment "2.24.0"
    pretty-data "0.40.0"
    url-join "4.0.0"

hexo-generator-tag@^1.0.0:
  version "1.0.0"
  resolved "https://registry.npmjs.org/hexo-generator-tag/-/hexo-generator-tag-1.0.0.tgz"
  dependencies:
    hexo-pagination "1.0.0"

hexo-i18n@^1.0.0:
  version "1.0.0"
  resolved "https://registry.npmjs.org/hexo-i18n/-/hexo-i18n-1.0.0.tgz"
  dependencies:
    sprintf-js "^1.0.3"

hexo-katex-macros@0.0.10:
  version "0.0.10"
  resolved "https://registry.npmjs.org/hexo-katex-macros/-/hexo-katex-macros-0.0.10.tgz"
  dependencies:
    cheerio "^0.22.0"
    hexo-util "^0.6.0"
    katex "^0.11.1"

hexo-log@^2.0.0:
  version "2.0.0"
  resolved "https://registry.npmjs.org/hexo-log/-/hexo-log-2.0.0.tgz"
  dependencies:
    chalk "^4.0.0"

hexo-pagination@0.0.2:
  version "0.0.2"
  resolved "https://registry.npmjs.org/hexo-pagination/-/hexo-pagination-0.0.2.tgz"
  dependencies:
    utils-merge "^1.0.0"

hexo-pagination@1.0.0:
  version "1.0.0"
  resolved "https://registry.npmjs.org/hexo-pagination/-/hexo-pagination-1.0.0.tgz"

hexo-renderer-ejs@^1.0.0:
  version "1.0.0"
  resolved "https://registry.npmjs.org/hexo-renderer-ejs/-/hexo-renderer-ejs-1.0.0.tgz"
  dependencies:
    ejs "^2.6.1"

hexo-renderer-kramed@^0.1.4:
  version "0.1.4"
  resolved "https://registry.npmjs.org/hexo-renderer-kramed/-/hexo-renderer-kramed-0.1.4.tgz"
  dependencies:
    hexo-util "^0.6.0"
    kramed "^0.5.6"
    object-assign "^4.1.0"
    strip-indent "^1.0.1"

hexo-renderer-stylus@^2.0.0:
  version "2.0.0"
  resolved "https://registry.npmjs.org/hexo-renderer-stylus/-/hexo-renderer-stylus-2.0.0.tgz"
  dependencies:
    nib "^1.1.2"
    stylus "^0.54.8"

hexo-server@^2.0.0:
  version "2.0.0"
  resolved "https://registry.npmjs.org/hexo-server/-/hexo-server-2.0.0.tgz"
  dependencies:
    bluebird "^3.5.5"
    chalk "^4.0.0"
    compression "^1.7.4"
    connect "^3.7.0"
    mime "^2.4.3"
    morgan "^1.9.1"
    open "^7.0.0"
    serve-static "^1.14.1"

hexo-util@^0.6.0:
  version "0.6.3"
  resolved "https://registry.npmjs.org/hexo-util/-/hexo-util-0.6.3.tgz"
  dependencies:
    bluebird "^3.4.0"
    camel-case "^3.0.0"
    cross-spawn "^4.0.0"
    highlight.js "^9.4.0"
    html-entities "^1.2.0"
    striptags "^2.1.1"

hexo-util@^1.0.0:
  version "1.9.1"
  resolved "https://registry.npmjs.org/hexo-util/-/hexo-util-1.9.1.tgz"
  dependencies:
    bluebird "^3.5.2"
    camel-case "^4.0.0"
    cross-spawn "^7.0.0"
    deepmerge "^4.2.2"
    highlight.js "^9.13.1"
    htmlparser2 "^4.0.0"
    prismjs "^1.17.1"
    punycode.js "^2.1.0"
    strip-indent "^3.0.0"
    striptags "^3.1.1"

hexo-util@^2.0.0, hexo-util@^2.1.0, hexo-util@^2.4.0:
  version "2.4.0"
  resolved "https://registry.npmjs.org/hexo-util/-/hexo-util-2.4.0.tgz"
  dependencies:
    bluebird "^3.5.2"
    camel-case "^4.0.0"
    cross-spawn "^7.0.0"
    deepmerge "^4.2.2"
    highlight.js "^10.0.0"
    htmlparser2 "^4.0.0"
    prismjs "^1.17.1"
    strip-indent "^3.0.0"
    striptags "^3.1.1"

hexo@^5.0.0:
  version "5.1.1"
  resolved "https://registry.npmjs.org/hexo/-/hexo-5.1.1.tgz"
  dependencies:
    abbrev "^1.1.1"
    archy "^1.0.0"
    bluebird "^3.5.2"
    chalk "^4.0.0"
    hexo-cli "^4.0.0"
    hexo-front-matter "^2.0.0"
    hexo-fs "^3.1.0"
    hexo-i18n "^1.0.0"
    hexo-log "^2.0.0"
    hexo-util "^2.4.0"
    js-yaml "^3.12.0"
    micromatch "^4.0.2"
    moment "^2.22.2"
    moment-timezone "^0.5.21"
    nunjucks "^3.2.1"
    pretty-hrtime "^1.0.3"
    resolve "^1.8.1"
    strip-ansi "^6.0.0"
    text-table "^0.2.0"
    tildify "^2.0.0"
    titlecase "^1.1.2"
    warehouse "^4.0.0"

highlight.js@^10.0.0:
  version "10.1.2"
  resolved "https://registry.npmjs.org/highlight.js/-/highlight.js-10.1.2.tgz"

highlight.js@^9.13.1, highlight.js@^9.4.0:
  version "9.18.5"
  resolved "https://registry.npmjs.org/highlight.js/-/highlight.js-9.18.5.tgz"

html-entities@^1.2.0:
  version "1.4.0"
  resolved "https://registry.npmjs.org/html-entities/-/html-entities-1.4.0.tgz"

htmlparser2@^3.9.1:
  version "3.10.1"
  resolved "https://registry.npmjs.org/htmlparser2/-/htmlparser2-3.10.1.tgz"
  dependencies:
    domelementtype "^1.3.1"
    domhandler "^2.3.0"
    domutils "^1.5.1"
    entities "^1.1.1"
    inherits "^2.0.1"
    readable-stream "^3.1.1"

htmlparser2@^4.0.0:
  version "4.1.0"
  resolved "https://registry.npmjs.org/htmlparser2/-/htmlparser2-4.1.0.tgz"
  dependencies:
    domelementtype "^2.0.1"
    domhandler "^3.0.0"
    domutils "^2.0.0"
    entities "^2.0.0"

htmlparser2@~3.8.1:
  version "3.8.3"
  resolved "https://registry.npmjs.org/htmlparser2/-/htmlparser2-3.8.3.tgz"
  dependencies:
    domelementtype "1"
    domhandler "2.3"
    domutils "1.5"
    entities "1.0"
    readable-stream "1.1"

http-errors@~1.7.2:
  version "1.7.3"
  resolved "https://registry.npmjs.org/http-errors/-/http-errors-1.7.3.tgz"
  dependencies:
    depd "~1.1.2"
    inherits "2.0.4"
    setprototypeof "1.1.1"
    statuses ">= 1.5.0 < 2"
    toidentifier "1.0.0"

inflight@^1.0.4:
  version "1.0.6"
  resolved "https://registry.npmjs.org/inflight/-/inflight-1.0.6.tgz"
  dependencies:
    once "^1.3.0"
    wrappy "1"

inherits@2, inherits@2.0.4, inherits@^2.0.1, inherits@^2.0.3, inherits@~2.0.1:
  version "2.0.4"
  resolved "https://registry.npmjs.org/inherits/-/inherits-2.0.4.tgz"

is-binary-path@~2.1.0:
  version "2.1.0"
  resolved "https://registry.npmjs.org/is-binary-path/-/is-binary-path-2.1.0.tgz"
  dependencies:
    binary-extensions "^2.0.0"

is-buffer@^1.1.5:
  version "1.1.6"
  resolved "https://registry.npmjs.org/is-buffer/-/is-buffer-1.1.6.tgz"

is-docker@^2.0.0:
  version "2.1.1"
  resolved "https://registry.npmjs.org/is-docker/-/is-docker-2.1.1.tgz"

is-extglob@^2.1.1:
  version "2.1.1"
  resolved "https://registry.npmjs.org/is-extglob/-/is-extglob-2.1.1.tgz"

is-glob@^4.0.1, is-glob@~4.0.1:
  version "4.0.1"
  resolved "https://registry.npmjs.org/is-glob/-/is-glob-4.0.1.tgz"
  dependencies:
    is-extglob "^2.1.1"

is-number@^7.0.0:
  version "7.0.0"
  resolved "https://registry.npmjs.org/is-number/-/is-number-7.0.0.tgz"

is-plain-object@^3.0.0:
  version "3.0.1"
  resolved "https://registry.npmjs.org/is-plain-object/-/is-plain-object-3.0.1.tgz"

is-wsl@^2.1.1:
  version "2.2.0"
  resolved "https://registry.npmjs.org/is-wsl/-/is-wsl-2.2.0.tgz"
  dependencies:
    is-docker "^2.0.0"

isarray@0.0.1:
  version "0.0.1"
  resolved "https://registry.npmjs.org/isarray/-/isarray-0.0.1.tgz"

isexe@^2.0.0:
  version "2.0.0"
  resolved "https://registry.npmjs.org/isexe/-/isexe-2.0.0.tgz"

js-yaml@^3.12.0, js-yaml@^3.13.1:
  version "3.14.0"
  resolved "https://registry.npmjs.org/js-yaml/-/js-yaml-3.14.0.tgz"
  dependencies:
    argparse "^1.0.7"
    esprima "^4.0.0"

jsonparse@^1.2.0:
  version "1.3.1"
  resolved "https://registry.npmjs.org/jsonparse/-/jsonparse-1.3.1.tgz"

katex@^0.11.1:
  version "0.11.1"
  resolved "https://registry.npmjs.org/katex/-/katex-0.11.1.tgz"
  dependencies:
    commander "^2.19.0"

kind-of@^3.0.2:
  version "3.2.2"
  resolved "https://registry.npmjs.org/kind-of/-/kind-of-3.2.2.tgz"
  dependencies:
    is-buffer "^1.1.5"

kramed@^0.5.6:
  version "0.5.6"
  resolved "https://registry.npmjs.org/kramed/-/kramed-0.5.6.tgz"

lazy-cache@^1.0.3:
  version "1.0.4"
  resolved "https://registry.npmjs.org/lazy-cache/-/lazy-cache-1.0.4.tgz"

lodash.assignin@^4.0.9:
  version "4.2.0"
  resolved "https://registry.npmjs.org/lodash.assignin/-/lodash.assignin-4.2.0.tgz"

lodash.bind@^4.1.4:
  version "4.2.1"
  resolved "https://registry.npmjs.org/lodash.bind/-/lodash.bind-4.2.1.tgz"

lodash.defaults@^4.0.1:
  version "4.2.0"
  resolved "https://registry.npmjs.org/lodash.defaults/-/lodash.defaults-4.2.0.tgz"

lodash.filter@^4.4.0:
  version "4.6.0"
  resolved "https://registry.npmjs.org/lodash.filter/-/lodash.filter-4.6.0.tgz"

lodash.flatten@^4.2.0:
  version "4.4.0"
  resolved "https://registry.npmjs.org/lodash.flatten/-/lodash.flatten-4.4.0.tgz"

lodash.foreach@^4.3.0:
  version "4.5.0"
  resolved "https://registry.npmjs.org/lodash.foreach/-/lodash.foreach-4.5.0.tgz"

lodash.map@^4.4.0:
  version "4.6.0"
  resolved "https://registry.npmjs.org/lodash.map/-/lodash.map-4.6.0.tgz"

lodash.merge@^4.4.0:
  version "4.6.2"
  resolved "https://registry.npmjs.org/lodash.merge/-/lodash.merge-4.6.2.tgz"

lodash.pick@^4.2.1:
  version "4.4.0"
  resolved "https://registry.npmjs.org/lodash.pick/-/lodash.pick-4.4.0.tgz"

lodash.reduce@^4.4.0:
  version "4.6.0"
  resolved "https://registry.npmjs.org/lodash.reduce/-/lodash.reduce-4.6.0.tgz"

lodash.reject@^4.4.0:
  version "4.6.0"
  resolved "https://registry.npmjs.org/lodash.reject/-/lodash.reject-4.6.0.tgz"

lodash.some@^4.4.0:
  version "4.6.0"
  resolved "https://registry.npmjs.org/lodash.some/-/lodash.some-4.6.0.tgz"

lodash@4.17.11:
  version "4.17.11"
  resolved "https://registry.npmjs.org/lodash/-/lodash-4.17.11.tgz"

lodash@^3.2.0:
  version "3.10.1"
  resolved "https://registry.npmjs.org/lodash/-/lodash-3.10.1.tgz"

longest@^1.0.1:
  version "1.0.1"
  resolved "https://registry.npmjs.org/longest/-/longest-1.0.1.tgz"

lower-case@^1.1.1:
  version "1.1.4"
  resolved "https://registry.npmjs.org/lower-case/-/lower-case-1.1.4.tgz"

lower-case@^2.0.1:
  version "2.0.1"
  resolved "https://registry.npmjs.org/lower-case/-/lower-case-2.0.1.tgz"
  dependencies:
    tslib "^1.10.0"

lru-cache@^4.0.1:
  version "4.1.5"
  resolved "https://registry.npmjs.org/lru-cache/-/lru-cache-4.1.5.tgz"
  dependencies:
    pseudomap "^1.0.2"
    yallist "^2.1.2"

micromatch@^4.0.2:
  version "4.0.2"
  resolved "https://registry.npmjs.org/micromatch/-/micromatch-4.0.2.tgz"
  dependencies:
    braces "^3.0.1"
    picomatch "^2.0.5"

mime-db@1.44.0, "mime-db@>= 1.43.0 < 2":
  version "1.44.0"
  resolved "https://registry.npmjs.org/mime-db/-/mime-db-1.44.0.tgz"

mime-types@~2.1.24:
  version "2.1.27"
  resolved "https://registry.npmjs.org/mime-types/-/mime-types-2.1.27.tgz"
  dependencies:
    mime-db "1.44.0"

mime@1.6.0:
  version "1.6.0"
  resolved "https://registry.npmjs.org/mime/-/mime-1.6.0.tgz"

mime@^2.4.3:
  version "2.4.6"
  resolved "https://registry.npmjs.org/mime/-/mime-2.4.6.tgz"

min-indent@^1.0.0:
  version "1.0.1"
  resolved "https://registry.npmjs.org/min-indent/-/min-indent-1.0.1.tgz"

minimatch@^3.0.2, minimatch@^3.0.4:
  version "3.0.4"
  resolved "https://registry.npmjs.org/minimatch/-/minimatch-3.0.4.tgz"
  dependencies:
    brace-expansion "^1.1.7"

minimist@^1.2.5:
  version "1.2.5"
  resolved "https://registry.npmjs.org/minimist/-/minimist-1.2.5.tgz"

minimist@~0.0.1:
  version "0.0.10"
  resolved "https://registry.npmjs.org/minimist/-/minimist-0.0.10.tgz"

mkdirp@0.5.x:
  version "0.5.5"
  resolved "https://registry.npmjs.org/mkdirp/-/mkdirp-0.5.5.tgz"
  dependencies:
    minimist "^1.2.5"

mkdirp@~1.0.4:
  version "1.0.4"
  resolved "https://registry.npmjs.org/mkdirp/-/mkdirp-1.0.4.tgz"

moment-timezone@^0.5.21:
  version "0.5.31"
  resolved "https://registry.npmjs.org/moment-timezone/-/moment-timezone-0.5.31.tgz"
  dependencies:
    moment ">= 2.9.0"

moment@2.24.0:
  version "2.24.0"
  resolved "https://registry.npmjs.org/moment/-/moment-2.24.0.tgz"

"moment@>= 2.9.0", moment@^2.18.0, moment@^2.22.2:
  version "2.27.0"
  resolved "https://registry.npmjs.org/moment/-/moment-2.27.0.tgz"

morgan@^1.9.1:
  version "1.10.0"
  resolved "https://registry.npmjs.org/morgan/-/morgan-1.10.0.tgz"
  dependencies:
    basic-auth "~2.0.1"
    debug "2.6.9"
    depd "~2.0.0"
    on-finished "~2.3.0"
    on-headers "~1.0.2"

ms@2.0.0:
  version "2.0.0"
  resolved "https://registry.npmjs.org/ms/-/ms-2.0.0.tgz"

ms@2.1.1:
  version "2.1.1"
  resolved "https://registry.npmjs.org/ms/-/ms-2.1.1.tgz"

ms@^2.1.1:
  version "2.1.2"
  resolved "https://registry.npmjs.org/ms/-/ms-2.1.2.tgz"

negotiator@0.6.2:
  version "0.6.2"
  resolved "https://registry.npmjs.org/negotiator/-/negotiator-0.6.2.tgz"

nib@^1.1.2:
  version "1.1.2"
  resolved "https://registry.npmjs.org/nib/-/nib-1.1.2.tgz"
  dependencies:
    stylus "0.54.5"

no-case@^2.2.0:
  version "2.3.2"
  resolved "https://registry.npmjs.org/no-case/-/no-case-2.3.2.tgz"
  dependencies:
    lower-case "^1.1.1"

no-case@^3.0.3:
  version "3.0.3"
  resolved "https://registry.npmjs.org/no-case/-/no-case-3.0.3.tgz"
  dependencies:
    lower-case "^2.0.1"
    tslib "^1.10.0"

normalize-path@^3.0.0, normalize-path@~3.0.0:
  version "3.0.0"
  resolved "https://registry.npmjs.org/normalize-path/-/normalize-path-3.0.0.tgz"

nth-check@~1.0.0, nth-check@~1.0.1:
  version "1.0.2"
  resolved "https://registry.npmjs.org/nth-check/-/nth-check-1.0.2.tgz"
  dependencies:
    boolbase "~1.0.0"

nunjucks@^3.0.0, nunjucks@^3.2.1:
  version "3.2.2"
  resolved "https://registry.npmjs.org/nunjucks/-/nunjucks-3.2.2.tgz"
  dependencies:
    a-sync-waterfall "^1.0.0"
    asap "^2.0.3"
    commander "^5.1.0"
  optionalDependencies:
    chokidar "^3.3.0"

object-assign@^4.1.0:
  version "4.1.1"
  resolved "https://registry.npmjs.org/object-assign/-/object-assign-4.1.1.tgz"

on-finished@~2.3.0:
  version "2.3.0"
  resolved "https://registry.npmjs.org/on-finished/-/on-finished-2.3.0.tgz"
  dependencies:
    ee-first "1.1.1"

on-headers@~1.0.2:
  version "1.0.2"
  resolved "https://registry.npmjs.org/on-headers/-/on-headers-1.0.2.tgz"

once@^1.3.0:
  version "1.4.0"
  resolved "https://registry.npmjs.org/once/-/once-1.4.0.tgz"
  dependencies:
    wrappy "1"

open@^7.0.0:
  version "7.2.1"
  resolved "https://registry.npmjs.org/open/-/open-7.2.1.tgz"
  dependencies:
    is-docker "^2.0.0"
    is-wsl "^2.1.1"

optimist@~0.6:
  version "0.6.1"
  resolved "https://registry.npmjs.org/optimist/-/optimist-0.6.1.tgz"
  dependencies:
    minimist "~0.0.1"
    wordwrap "~0.0.2"

package@^1.0.1:
  version "1.0.1"
  resolved "https://registry.npmjs.org/package/-/package-1.0.1.tgz"

parseurl@~1.3.3:
  version "1.3.3"
  resolved "https://registry.npmjs.org/parseurl/-/parseurl-1.3.3.tgz"

pascal-case@^3.1.1:
  version "3.1.1"
  resolved "https://registry.npmjs.org/pascal-case/-/pascal-case-3.1.1.tgz"
  dependencies:
    no-case "^3.0.3"
    tslib "^1.10.0"

path-is-absolute@^1.0.0:
  version "1.0.1"
  resolved "https://registry.npmjs.org/path-is-absolute/-/path-is-absolute-1.0.1.tgz"

path-key@^3.1.0:
  version "3.1.1"
  resolved "https://registry.npmjs.org/path-key/-/path-key-3.1.1.tgz"

path-parse@^1.0.6:
  version "1.0.6"
  resolved "https://registry.npmjs.org/path-parse/-/path-parse-1.0.6.tgz"

picomatch@^2.0.4, picomatch@^2.0.5, picomatch@^2.2.1:
  version "2.2.2"
  resolved "https://registry.npmjs.org/picomatch/-/picomatch-2.2.2.tgz"

pretty-data@0.40.0:
  version "0.40.0"
  resolved "https://registry.npmjs.org/pretty-data/-/pretty-data-0.40.0.tgz"

pretty-hrtime@^1.0.3:
  version "1.0.3"
  resolved "https://registry.npmjs.org/pretty-hrtime/-/pretty-hrtime-1.0.3.tgz"

prismjs@^1.17.1:
  version "1.27.0"
  resolved "https://registry.yarnpkg.com/prismjs/-/prismjs-1.27.0.tgz#bb6ee3138a0b438a3653dd4d6ce0cc6510a45057"

pseudomap@^1.0.2:
  version "1.0.2"
  resolved "https://registry.npmjs.org/pseudomap/-/pseudomap-1.0.2.tgz"

punycode.js@^2.1.0:
  version "2.1.0"
  resolved "https://registry.npmjs.org/punycode.js/-/punycode.js-2.1.0.tgz"

range-parser@~1.2.1:
  version "1.2.1"
  resolved "https://registry.npmjs.org/range-parser/-/range-parser-1.2.1.tgz"

readable-stream@1.1:
  version "1.1.14"
  resolved "https://registry.npmjs.org/readable-stream/-/readable-stream-1.1.14.tgz"
  dependencies:
    core-util-is "~1.0.0"
    inherits "~2.0.1"
    isarray "0.0.1"
    string_decoder "~0.10.x"

readable-stream@^3.1.1:
  version "3.6.0"
  resolved "https://registry.npmjs.org/readable-stream/-/readable-stream-3.6.0.tgz"
  dependencies:
    inherits "^2.0.3"
    string_decoder "^1.1.1"
    util-deprecate "^1.0.1"

readdirp@~3.4.0:
  version "3.4.0"
  resolved "https://registry.npmjs.org/readdirp/-/readdirp-3.4.0.tgz"
  dependencies:
    picomatch "^2.2.1"

repeat-string@^1.5.2:
  version "1.6.1"
  resolved "https://registry.npmjs.org/repeat-string/-/repeat-string-1.6.1.tgz"

resolve-url@^0.2.1:
  version "0.2.1"
  resolved "https://registry.npmjs.org/resolve-url/-/resolve-url-0.2.1.tgz"

resolve@^1.11.0, resolve@^1.8.1:
  version "1.17.0"
  resolved "https://registry.npmjs.org/resolve/-/resolve-1.17.0.tgz"
  dependencies:
    path-parse "^1.0.6"

rfdc@^1.1.4:
  version "1.1.4"
  resolved "https://registry.npmjs.org/rfdc/-/rfdc-1.1.4.tgz"

right-align@^0.1.1:
  version "0.1.3"
  resolved "https://registry.npmjs.org/right-align/-/right-align-0.1.3.tgz"
  dependencies:
    align-text "^0.1.1"

safe-buffer@5.1.2:
  version "5.1.2"
  resolved "https://registry.npmjs.org/safe-buffer/-/safe-buffer-5.1.2.tgz"

safe-buffer@~5.2.0:
  version "5.2.1"
  resolved "https://registry.npmjs.org/safe-buffer/-/safe-buffer-5.2.1.tgz"

safer-buffer@^2.1.2:
  version "2.1.2"
  resolved "https://registry.npmjs.org/safer-buffer/-/safer-buffer-2.1.2.tgz"

sax@0.5.x:
  version "0.5.8"
  resolved "https://registry.npmjs.org/sax/-/sax-0.5.8.tgz"

sax@~1.2.4:
  version "1.2.4"
  resolved "https://registry.npmjs.org/sax/-/sax-1.2.4.tgz"

semver@^6.3.0:
  version "6.3.0"
  resolved "https://registry.npmjs.org/semver/-/semver-6.3.0.tgz"

send@0.17.1:
  version "0.17.1"
  resolved "https://registry.npmjs.org/send/-/send-0.17.1.tgz"
  dependencies:
    debug "2.6.9"
    depd "~1.1.2"
    destroy "~1.0.4"
    encodeurl "~1.0.2"
    escape-html "~1.0.3"
    etag "~1.8.1"
    fresh "0.5.2"
    http-errors "~1.7.2"
    mime "1.6.0"
    ms "2.1.1"
    on-finished "~2.3.0"
    range-parser "~1.2.1"
    statuses "~1.5.0"

serve-static@^1.14.1:
  version "1.14.1"
  resolved "https://registry.npmjs.org/serve-static/-/serve-static-1.14.1.tgz"
  dependencies:
    encodeurl "~1.0.2"
    escape-html "~1.0.3"
    parseurl "~1.3.3"
    send "0.17.1"

setprototypeof@1.1.1:
  version "1.1.1"
  resolved "https://registry.npmjs.org/setprototypeof/-/setprototypeof-1.1.1.tgz"

shebang-command@^2.0.0:
  version "2.0.0"
  resolved "https://registry.npmjs.org/shebang-command/-/shebang-command-2.0.0.tgz"
  dependencies:
    shebang-regex "^3.0.0"

shebang-regex@^3.0.0:
  version "3.0.0"
  resolved "https://registry.npmjs.org/shebang-regex/-/shebang-regex-3.0.0.tgz"

source-map-resolve@^0.5.2:
  version "0.5.3"
  resolved "https://registry.npmjs.org/source-map-resolve/-/source-map-resolve-0.5.3.tgz"
  dependencies:
    atob "^2.1.2"
    decode-uri-component "^0.2.0"
    resolve-url "^0.2.1"
    source-map-url "^0.4.0"
    urix "^0.1.0"

source-map-url@^0.4.0:
  version "0.4.0"
  resolved "https://registry.npmjs.org/source-map-url/-/source-map-url-0.4.0.tgz"

source-map@0.1.x:
  version "0.1.43"
  resolved "https://registry.npmjs.org/source-map/-/source-map-0.1.43.tgz"
  dependencies:
    amdefine ">=0.0.4"

source-map@^0.6.1:
  version "0.6.1"
  resolved "https://registry.npmjs.org/source-map/-/source-map-0.6.1.tgz"

source-map@^0.7.3:
  version "0.7.3"
  resolved "https://registry.npmjs.org/source-map/-/source-map-0.7.3.tgz"

source-map@~0.5.1:
  version "0.5.7"
  resolved "https://registry.npmjs.org/source-map/-/source-map-0.5.7.tgz"

sprintf-js@^1.0.3, sprintf-js@~1.0.2:
  version "1.0.3"
  resolved "https://registry.npmjs.org/sprintf-js/-/sprintf-js-1.0.3.tgz"

"statuses@>= 1.5.0 < 2", statuses@~1.5.0:
  version "1.5.0"
  resolved "https://registry.npmjs.org/statuses/-/statuses-1.5.0.tgz"

string_decoder@^1.1.1:
  version "1.3.0"
  resolved "https://registry.npmjs.org/string_decoder/-/string_decoder-1.3.0.tgz"
  dependencies:
    safe-buffer "~5.2.0"

string_decoder@~0.10.x:
  version "0.10.31"
  resolved "https://registry.npmjs.org/string_decoder/-/string_decoder-0.10.31.tgz"

strip-ansi@^6.0.0:
  version "6.0.0"
  resolved "https://registry.npmjs.org/strip-ansi/-/strip-ansi-6.0.0.tgz"
  dependencies:
    ansi-regex "^5.0.0"

strip-indent@^1.0.1:
  version "1.0.1"
  resolved "https://registry.npmjs.org/strip-indent/-/strip-indent-1.0.1.tgz"
  dependencies:
    get-stdin "^4.0.1"

strip-indent@^3.0.0:
  version "3.0.0"
  resolved "https://registry.npmjs.org/strip-indent/-/strip-indent-3.0.0.tgz"
  dependencies:
    min-indent "^1.0.0"

striptags@^2.1.1:
  version "2.2.1"
  resolved "https://registry.npmjs.org/striptags/-/striptags-2.2.1.tgz"

striptags@^3.1.1:
  version "3.1.1"
  resolved "https://registry.npmjs.org/striptags/-/striptags-3.1.1.tgz"

stylus@0.54.5:
  version "0.54.5"
  resolved "https://registry.npmjs.org/stylus/-/stylus-0.54.5.tgz"
  dependencies:
    css-parse "1.7.x"
    debug "*"
    glob "7.0.x"
    mkdirp "0.5.x"
    sax "0.5.x"
    source-map "0.1.x"

stylus@^0.54.8:
  version "0.54.8"
  resolved "https://registry.npmjs.org/stylus/-/stylus-0.54.8.tgz"
  dependencies:
    css-parse "~2.0.0"
    debug "~3.1.0"
    glob "^7.1.6"
    mkdirp "~1.0.4"
    safer-buffer "^2.1.2"
    sax "~1.2.4"
    semver "^6.3.0"
    source-map "^0.7.3"

supports-color@^7.1.0:
  version "7.2.0"
  resolved "https://registry.npmjs.org/supports-color/-/supports-color-7.2.0.tgz"
  dependencies:
    has-flag "^4.0.0"

swig-templates@^2.0.2:
  version "2.0.3"
  resolved "https://registry.npmjs.org/swig-templates/-/swig-templates-2.0.3.tgz"
  dependencies:
    optimist "~0.6"
    uglify-js "2.6.0"

text-table@^0.2.0:
  version "0.2.0"
  resolved "https://registry.npmjs.org/text-table/-/text-table-0.2.0.tgz"

"through@>=2.2.7 <3":
  version "2.3.8"
  resolved "https://registry.npmjs.org/through/-/through-2.3.8.tgz"

tildify@^2.0.0:
  version "2.0.0"
  resolved "https://registry.npmjs.org/tildify/-/tildify-2.0.0.tgz"

timsort@^0.3.0:
  version "0.3.0"
  resolved "https://registry.npmjs.org/timsort/-/timsort-0.3.0.tgz"

titlecase@^1.1.2:
  version "1.1.3"
  resolved "https://registry.npmjs.org/titlecase/-/titlecase-1.1.3.tgz"

to-regex-range@^5.0.1:
  version "5.0.1"
  resolved "https://registry.npmjs.org/to-regex-range/-/to-regex-range-5.0.1.tgz"
  dependencies:
    is-number "^7.0.0"

toidentifier@1.0.0:
  version "1.0.0"
  resolved "https://registry.npmjs.org/toidentifier/-/toidentifier-1.0.0.tgz"

tslib@^1.10.0:
  version "1.13.0"
  resolved "https://registry.npmjs.org/tslib/-/tslib-1.13.0.tgz"

uglify-js@2.6.0:
  version "2.6.0"
  resolved "https://registry.npmjs.org/uglify-js/-/uglify-js-2.6.0.tgz"
  dependencies:
    async "~0.2.6"
    source-map "~0.5.1"
    uglify-to-browserify "~1.0.0"
    yargs "~3.10.0"

uglify-to-browserify@~1.0.0:
  version "1.0.2"
  resolved "https://registry.npmjs.org/uglify-to-browserify/-/uglify-to-browserify-1.0.2.tgz"

unpipe@~1.0.0:
  version "1.0.0"
  resolved "https://registry.npmjs.org/unpipe/-/unpipe-1.0.0.tgz"

upper-case@^1.1.1:
  version "1.1.3"
  resolved "https://registry.npmjs.org/upper-case/-/upper-case-1.1.3.tgz"

urix@^0.1.0:
  version "0.1.0"
  resolved "https://registry.npmjs.org/urix/-/urix-0.1.0.tgz"

url-join@4.0.0:
  version "4.0.0"
  resolved "https://registry.npmjs.org/url-join/-/url-join-4.0.0.tgz"

util-deprecate@^1.0.1:
  version "1.0.2"
  resolved "https://registry.npmjs.org/util-deprecate/-/util-deprecate-1.0.2.tgz"

utils-merge@1.0.1, utils-merge@^1.0.0:
  version "1.0.1"
  resolved "https://registry.npmjs.org/utils-merge/-/utils-merge-1.0.1.tgz"

vary@~1.1.2:
  version "1.1.2"
  resolved "https://registry.npmjs.org/vary/-/vary-1.1.2.tgz"

warehouse@^4.0.0:
  version "4.0.0"
  resolved "https://registry.npmjs.org/warehouse/-/warehouse-4.0.0.tgz"
  dependencies:
    JSONStream "^1.0.7"
    bluebird "^3.2.2"
    cuid "^2.1.4"
    graceful-fs "^4.1.3"
    is-plain-object "^3.0.0"
    rfdc "^1.1.4"

which@^1.2.9:
  version "1.3.1"
  resolved "https://registry.npmjs.org/which/-/which-1.3.1.tgz"
  dependencies:
    isexe "^2.0.0"

which@^2.0.1:
  version "2.0.2"
  resolved "https://registry.npmjs.org/which/-/which-2.0.2.tgz"
  dependencies:
    isexe "^2.0.0"

window-size@0.1.0:
  version "0.1.0"
  resolved "https://registry.npmjs.org/window-size/-/window-size-0.1.0.tgz"

wordwrap@0.0.2:
  version "0.0.2"
  resolved "https://registry.npmjs.org/wordwrap/-/wordwrap-0.0.2.tgz"

wordwrap@~0.0.2:
  version "0.0.3"
  resolved "https://registry.npmjs.org/wordwrap/-/wordwrap-0.0.3.tgz"

wrappy@1:
  version "1.0.2"
  resolved "https://registry.npmjs.org/wrappy/-/wrappy-1.0.2.tgz"

yallist@^2.1.2:
  version "2.1.2"
  resolved "https://registry.npmjs.org/yallist/-/yallist-2.1.2.tgz"

yargs@~3.10.0:
  version "3.10.0"
  resolved "https://registry.npmjs.org/yargs/-/yargs-3.10.0.tgz"
  dependencies:
    camelcase "^1.0.2"
    cliui "^2.1.0"
    decamelize "^1.0.0"
    window-size "0.1.0"
